
Microsoft Visual Studio Solution File, Format Version 12.00
# Visual Studio Version 16
VisualStudioVersion = 16.0.31911.196
MinimumVisualStudioVersion = 10.0.40219.1
Project("{FAE04EC0-301F-11D3-BF4B-00C04F79EFBC}") = "Exercise14", "Exercise14.csproj", "{A71C7E98-F78B-4EBE-A812-20F1DF5A4BD9}"
EndProject
Global
	GlobalSection(SolutionConfigurationPlatforms) = preSolution
		Debug|Any CPU = Debug|Any CPU
		Release|Any CPU = Release|Any CPU
	EndGlobalSection
	GlobalSection(ProjectConfigurationPlatforms) = postSolution
		{A71C7E98-F78B-4EBE-A812-20F1DF5A4BD9}.Debug|Any CPU.ActiveCfg = Debug|Any CPU
		{A71C7E98-F78B-4EBE-A812-20F1DF5A4BD9}.Debug|Any CPU.Build.0 = Debug|Any CPU
		{A71C7E98-F78B-4EBE-A812-20F1DF5A4BD9}.Release|Any CPU.ActiveCfg = Release|Any CPU
		{A71C7E98-F78B-4EBE-A812-20F1DF5A4BD9}.Release|Any CPU.Build.0 = Release|Any CPU
	EndGlobalSection
	GlobalSection(SolutionProperties) = preSolution
		HideSolutionNode = FALSE
	EndGlobalSection
	GlobalSection(ExtensibilityGlobals) = postSolution
		SolutionGuid = {BD855650-D758-488D-B939-76C14FBD3898}
	EndGlobalSection
EndGlobal
